
Microsoft Visual Studio Solution File, Format Version 12.00
# Visual Studio Version 16
VisualStudioVersion = 16.0.31515.178
MinimumVisualStudioVersion = 10.0.40219.1
Project("{FAE04EC0-301F-11D3-BF4B-00C04F79EFBC}") = "VsCodeUserApi", "VsCodeUserApi\VsCodeUserApi.csproj", "{C2BF63E7-EBF0-4029-8179-5EE497C4F1D5}"
EndProject
Global
	GlobalSection(SolutionConfigurationPlatforms) = preSolution
		Debug|Any CPU = Debug|Any CPU
		Release|Any CPU = Release|Any CPU
	EndGlobalSection
	GlobalSection(ProjectConfigurationPlatforms) = postSolution
		{C2BF63E7-EBF0-4029-8179-5EE497C4F1D5}.Debug|Any CPU.ActiveCfg = Debug|Any CPU
		{C2BF63E7-EBF0-4029-8179-5EE497C4F1D5}.Debug|Any CPU.Build.0 = Debug|Any CPU
		{C2BF63E7-EBF0-4029-8179-5EE497C4F1D5}.Release|Any CPU.ActiveCfg = Release|Any CPU
		{C2BF63E7-EBF0-4029-8179-5EE497C4F1D5}.Release|Any CPU.Build.0 = Release|Any CPU
	EndGlobalSection
	GlobalSection(SolutionProperties) = preSolution
		HideSolutionNode = FALSE
	EndGlobalSection
	GlobalSection(ExtensibilityGlobals) = postSolution
		SolutionGuid = {84617E3D-E0B8-44CC-8BEA-1B93AF07473D}
	EndGlobalSection
EndGlobal
